
Microsoft Visual Studio Solution File, Format Version 12.00
# Visual Studio Version 16
VisualStudioVersion = 16.0.28803.156
MinimumVisualStudioVersion = 10.0.40219.1
Project("{FAE04EC0-301F-11D3-BF4B-00C04F79EFBC}") = "Timer Test", "Timer Test\Timer Test.csproj", "{301A4817-32E4-43BC-A843-548180463A8B}"
EndProject
Global
	GlobalSection(SolutionConfigurationPlatforms) = preSolution
		Debug|Any CPU = Debug|Any CPU
		Release|Any CPU = Release|Any CPU
	EndGlobalSection
	GlobalSection(ProjectConfigurationPlatforms) = postSolution
		{301A4817-32E4-43BC-A843-548180463A8B}.Debug|Any CPU.ActiveCfg = Debug|Any CPU
		{301A4817-32E4-43BC-A843-548180463A8B}.Debug|Any CPU.Build.0 = Debug|Any CPU
		{301A4817-32E4-43BC-A843-548180463A8B}.Release|Any CPU.ActiveCfg = Release|Any CPU
		{301A4817-32E4-43BC-A843-548180463A8B}.Release|Any CPU.Build.0 = Release|Any CPU
	EndGlobalSection
	GlobalSection(SolutionProperties) = preSolution
		HideSolutionNode = FALSE
	EndGlobalSection
	GlobalSection(ExtensibilityGlobals) = postSolution
		SolutionGuid = {66209E14-EDE9-4540-B58C-578E33155721}
	EndGlobalSection
EndGlobal
